<?xml version="1.0" encoding="utf-8"?>
<Project ToolsVersion="4.0" xmlns="http://schemas.microsoft.com/developer/msbuild/2003">
  <ItemGroup>
    <Filter Include="Library">
      <UniqueIdentifier>{d5173dcf-2786-4f98-bd55-d03549637dfe}</UniqueIdentifier>
    </Filter>
    <Filter Include="Src">
      <UniqueIdentifier>{80d0a5a9-6779-4863-bede-cc22a4986dc5}</UniqueIdentifier>
    </Filter>
    <Filter Include="Src\Framework">
      <UniqueIdentifier>{f5928314-3ee2-4e39-abfa-d93aa9ee5891}</UniqueIdentifier>
    </Filter>
    <Filter Include="Src\Framework\Direct3D">
      <UniqueIdentifier>{f193abd5-e51c-466e-a937-722bc9175e9a}</UniqueIdentifier>
    </Filter>
    <Filter Include="Src\Framework\Utility">
      <UniqueIdentifier>{f5d733b1-5031-4659-a9d4-0dd3add1e5fb}</UniqueIdentifier>
    </Filter>
    <Filter Include="Src\Framework\Window">
      <UniqueIdentifier>{cb022f2a-c5a2-449b-9b70-5110aff8550f}</UniqueIdentifier>
    </Filter>
    <Filter Include="Library\tinygltf">
      <UniqueIdentifier>{307bfbcd-124f-4ad7-85f5-3fd94f814b1f}</UniqueIdentifier>
    </Filter>
    <Filter Include="Src\Framework\Shader">
      <UniqueIdentifier>{93543c0c-58fe-4a94-8279-7be3021b65b1}</UniqueIdentifier>
    </Filter>
    <Filter Include="Src\Framework\Shader\SpriteShader">
      <UniqueIdentifier>{2da4d471-f4e8-4b2d-bdef-b93f91523b8b}</UniqueIdentifier>
    </Filter>
    <Filter Include="Src\Application">
      <UniqueIdentifier>{d0d0f9cf-dabd-4346-bc9a-d9c04cf42372}</UniqueIdentifier>
    </Filter>
    <Filter Include="Src\Framework\Math">
      <UniqueIdentifier>{04f33e76-24f0-4a58-9355-5770b3f6f9c6}</UniqueIdentifier>
    </Filter>
    <Filter Include="Src\Framework\Audio">
      <UniqueIdentifier>{2a0de30f-d7e8-4517-a9a1-20de6e434592}</UniqueIdentifier>
    </Filter>
    <Filter Include="Src\Framework\Shader\PostProcessShader">
      <UniqueIdentifier>{bfef98c3-f0b2-41b1-b813-6f298072287b}</UniqueIdentifier>
    </Filter>
    <Filter Include="Src\Framework\GameObject">
      <UniqueIdentifier>{d45ba257-913b-44e3-a012-888d7b6f2b68}</UniqueIdentifier>
    </Filter>
    <Filter Include="Src\Framework\Input">
      <UniqueIdentifier>{9bd33b87-53db-4bc0-b98d-80db98f4ba9b}</UniqueIdentifier>
    </Filter>
    <Filter Include="Src\Framework\Direct3D\Polygon">
      <UniqueIdentifier>{b91bce2d-4487-485a-a855-b2bb6ce0d30b}</UniqueIdentifier>
    </Filter>
    <Filter Include="Src\Framework\Shader\StandardShader">
      <UniqueIdentifier>{857913be-4481-4606-9719-87518d4a6aeb}</UniqueIdentifier>
    </Filter>
    <Filter Include="Src\Framework\Effekseer">
      <UniqueIdentifier>{c81b93e4-2f33-496a-985e-98658f1cec51}</UniqueIdentifier>
    </Filter>
    <Filter Include="Src\Application\Scene">
      <UniqueIdentifier>{da9235ec-08f1-4792-b71d-c58634fffb0f}</UniqueIdentifier>
    </Filter>
    <Filter Include="Src\Application\Scene\BaseScene">
      <UniqueIdentifier>{4a92479c-59c1-425c-bddf-335a143a7dd6}</UniqueIdentifier>
    </Filter>
    <Filter Include="Src\Application\Scene\TitleScene">
      <UniqueIdentifier>{d7ac0f8a-d355-4bcf-8801-9f5c06ab1e33}</UniqueIdentifier>
    </Filter>
    <Filter Include="Src\Application\Scene\GameScene">
      <UniqueIdentifier>{15b4a73e-7369-4959-bb49-4b163a24b7b5}</UniqueIdentifier>
    </Filter>
    <Filter Include="Src\Application\Animation">
      <UniqueIdentifier>{fcbb16a9-f968-4b0c-8b6e-4699457c417e}</UniqueIdentifier>
    </Filter>
    <Filter Include="Src\Application\Data">
      <UniqueIdentifier>{8502f5f5-6d4b-48a0-a6f0-b538b8c077ee}</UniqueIdentifier>
    </Filter>
    <Filter Include="Src\Application\Lib">
      <UniqueIdentifier>{ac5d4a96-2722-4588-a465-e08f4a0f9fb4}</UniqueIdentifier>
    </Filter>
    <Filter Include="Src\Application\Object">
      <UniqueIdentifier>{8c1df753-a2e9-46c2-8006-b0672a9d8b8b}</UniqueIdentifier>
    </Filter>
    <Filter Include="Src\Application\Data\Item">
      <UniqueIdentifier>{3ee22b58-fff5-429c-8153-159a63a5ab02}</UniqueIdentifier>
    </Filter>
    <Filter Include="Src\Application\Data\Skill">
      <UniqueIdentifier>{35053b26-fca5-47f6-afa2-40324feb1d08}</UniqueIdentifier>
    </Filter>
    <Filter Include="Src\Application\Data\Status">
      <UniqueIdentifier>{824a3edc-68cf-4f67-bb32-c6506f4850d4}</UniqueIdentifier>
    </Filter>
    <Filter Include="Src\Application\Lib\AssetManager">
      <UniqueIdentifier>{fc8eb2ca-6fdb-4b8a-acad-d627896b3d64}</UniqueIdentifier>
    </Filter>
    <Filter Include="Src\Application\Lib\Utility">
      <UniqueIdentifier>{cf6d859c-a2be-4e54-81d7-4bb3cf96933b}</UniqueIdentifier>
    </Filter>
    <Filter Include="Src\Application\Object\Map">
      <UniqueIdentifier>{d7d38c11-fdf5-485f-a462-d40b7f0e2093}</UniqueIdentifier>
    </Filter>
    <Filter Include="Src\Application\Object\Back">
      <UniqueIdentifier>{fafae681-50a4-4674-a6a9-f90b5f9794c2}</UniqueIdentifier>
    </Filter>
    <Filter Include="Src\Application\Object\Wall">
      <UniqueIdentifier>{1f440039-d8ff-4f73-ae4e-f6b32d92d186}</UniqueIdentifier>
    </Filter>
    <Filter Include="Src\Application\Object\Chara">
      <UniqueIdentifier>{df5045c6-9f89-4673-bca4-d9611df50e4e}</UniqueIdentifier>
    </Filter>
    <Filter Include="Src\Application\Object\Chara\Player">
      <UniqueIdentifier>{c7654f0c-6d11-43e8-9d47-e1cbccb491e5}</UniqueIdentifier>
    </Filter>
    <Filter Include="Src\Application\Object\Chara\Enemy">
      <UniqueIdentifier>{02948e43-5843-4ace-9647-c262d13ec7c1}</UniqueIdentifier>
    </Filter>
    <Filter Include="Src\Application\Object\UI">
      <UniqueIdentifier>{9362e76f-06ca-448a-8b11-1e36162ce959}</UniqueIdentifier>
    </Filter>
    <Filter Include="Src\Application\Object\UI\Slot">
      <UniqueIdentifier>{79e84d01-4663-4c7e-ba67-367527ce492c}</UniqueIdentifier>
    </Filter>
    <Filter Include="Src\Application\Object\UI\Gold">
      <UniqueIdentifier>{cb70a7d0-9130-4cf7-b83e-ced6fb55fc80}</UniqueIdentifier>
    </Filter>
    <Filter Include="Src\Application\Object\UI\PlayerHp">
      <UniqueIdentifier>{44d311cc-92a9-49e4-a394-18cb5e5bb328}</UniqueIdentifier>
    </Filter>
    <Filter Include="Src\Application\Object\UI\LevelBar">
      <UniqueIdentifier>{602a5dcd-b321-4736-a9c2-dbe849b1e296}</UniqueIdentifier>
    </Filter>
    <Filter Include="Src\Application\Object\Chara\Enemy\Enemy01">
      <UniqueIdentifier>{cc53cd13-da47-47b0-a932-2d2f9f7f5287}</UniqueIdentifier>
    </Filter>
    <Filter Include="Src\Application\Data\Status\Player">
      <UniqueIdentifier>{ad9ebda3-eeeb-4f62-a827-e4aefb0a9196}</UniqueIdentifier>
    </Filter>
    <Filter Include="Src\Application\Data\Status\Enemy">
      <UniqueIdentifier>{1ebbf85f-0927-4e06-a981-014a9882970c}</UniqueIdentifier>
    </Filter>
    <Filter Include="Src\Application\Data\Status\Enemy\Enemy01">
      <UniqueIdentifier>{4584ffa1-e356-470f-a7c8-7e054d8ad41d}</UniqueIdentifier>
    </Filter>
  </ItemGroup>
  <ItemGroup>
    <ClInclude Include="src\Pch.h">
      <Filter>Src</Filter>
    </ClInclude>
    <ClInclude Include="..\Library\tinygltf\json.hpp">
      <Filter>Library\tinygltf</Filter>
    </ClInclude>
    <ClInclude Include="..\Library\tinygltf\stb_image.h">
      <Filter>Library\tinygltf</Filter>
    </ClInclude>
    <ClInclude Include="..\Library\tinygltf\stb_image_write.h">
      <Filter>Library\tinygltf</Filter>
    </ClInclude>
    <ClInclude Include="..\Library\tinygltf\tiny_gltf.h">
      <Filter>Library\tinygltf</Filter>
    </ClInclude>
    <ClInclude Include="Src\Application\main.h">
      <Filter>Src\Application</Filter>
    </ClInclude>
    <ClInclude Include="src\Framework\Direct3D\KdDirect3D.h">
      <Filter>Src\Framework\Direct3D</Filter>
    </ClInclude>
    <ClInclude Include="src\Framework\Direct3D\KdTexture.h">
      <Filter>Src\Framework\Direct3D</Filter>
    </ClInclude>
    <ClInclude Include="src\Framework\Direct3D\KdBuffer.h">
      <Filter>Src\Framework\Direct3D</Filter>
    </ClInclude>
    <ClInclude Include="Src\Framework\Direct3D\KdGLTFLoader.h">
      <Filter>Src\Framework\Direct3D</Filter>
    </ClInclude>
    <ClInclude Include="Src\Framework\Shader\KdShaderManager.h">
      <Filter>Src\Framework\Shader</Filter>
    </ClInclude>
    <ClInclude Include="Src\Framework\Shader\SpriteShader\KdSpriteShader.h">
      <Filter>Src\Framework\Shader\SpriteShader</Filter>
    </ClInclude>
    <ClInclude Include="src\Framework\Utility\KdUtility.h">
      <Filter>Src\Framework\Utility</Filter>
    </ClInclude>
    <ClInclude Include="src\Framework\KdFramework.h">
      <Filter>Src\Framework</Filter>
    </ClInclude>
    <ClInclude Include="..\Library\strconv.h">
      <Filter>Library</Filter>
    </ClInclude>
    <ClInclude Include="src\Framework\Window\KdWindow.h">
      <Filter>Src\Framework\Window</Filter>
    </ClInclude>
    <ClInclude Include="src\Framework\Direct3D\KdMesh.h">
      <Filter>Src\Framework\Direct3D</Filter>
    </ClInclude>
    <ClInclude Include="Src\Framework\Direct3D\KdModel.h">
      <Filter>Src\Framework\Direct3D</Filter>
    </ClInclude>
    <ClInclude Include="Src\Framework\Math\KdCollision.h">
      <Filter>Src\Framework\Math</Filter>
    </ClInclude>
    <ClInclude Include="Src\Framework\Math\KdAnimation.h">
      <Filter>Src\Framework\Math</Filter>
    </ClInclude>
    <ClInclude Include="Src\Framework\Audio\KdAudio.h">
      <Filter>Src\Framework\Audio</Filter>
    </ClInclude>
    <ClInclude Include="Src\Framework\Direct3D\KdCamera.h">
      <Filter>Src\Framework\Direct3D</Filter>
    </ClInclude>
    <ClInclude Include="Src\Framework\Shader\PostProcessShader\KdPostProcessShader.h">
      <Filter>Src\Framework\Shader\PostProcessShader</Filter>
    </ClInclude>
    <ClInclude Include="Src\Framework\Math\KdCollider.h">
      <Filter>Src\Framework\Math</Filter>
    </ClInclude>
    <ClInclude Include="Src\Framework\Math\KdEasing.h">
      <Filter>Src\Framework\Math</Filter>
    </ClInclude>
    <ClInclude Include="Src\Framework\GameObject\KdGameObject.h">
      <Filter>Src\Framework\GameObject</Filter>
    </ClInclude>
    <ClInclude Include="Src\Framework\GameObject\KdGameObjectFactory.h">
      <Filter>Src\Framework\GameObject</Filter>
    </ClInclude>
    <ClInclude Include="Src\Framework\Input\KdInput.h">
      <Filter>Src\Framework\Input</Filter>
    </ClInclude>
    <ClInclude Include="Src\Framework\Utility\KdCSVData.h">
      <Filter>Src\Framework\Utility</Filter>
    </ClInclude>
    <ClInclude Include="Src\Framework\Direct3D\Polygon\KdPolygon.h">
      <Filter>Src\Framework\Direct3D\Polygon</Filter>
    </ClInclude>
    <ClInclude Include="Src\Framework\Direct3D\Polygon\KdSquarePolygon.h">
      <Filter>Src\Framework\Direct3D\Polygon</Filter>
    </ClInclude>
    <ClInclude Include="Src\Framework\Direct3D\Polygon\KdTrailPolygon.h">
      <Filter>Src\Framework\Direct3D\Polygon</Filter>
    </ClInclude>
    <ClInclude Include="Src\Framework\Direct3D\KdMaterial.h">
      <Filter>Src\Framework\Direct3D</Filter>
    </ClInclude>
    <ClInclude Include="Src\Framework\Utility\KdDataStorage.h">
      <Filter>Src\Framework\Utility</Filter>
    </ClInclude>
    <ClInclude Include="Src\Framework\Shader\KdAmbientController.h">
      <Filter>Src\Framework\Shader</Filter>
    </ClInclude>
    <ClInclude Include="Src\Framework\Math\KdUVAnimation.h">
      <Filter>Src\Framework\Math</Filter>
    </ClInclude>
    <ClInclude Include="Src\Framework\Shader\KdRenderTargetChange.h">
      <Filter>Src\Framework\Shader</Filter>
    </ClInclude>
    <ClInclude Include="Src\Framework\Utility\KdFPSController.h">
      <Filter>Src\Framework\Utility</Filter>
    </ClInclude>
    <ClInclude Include="Src\Framework\Utility\KdDebugWireFrame.h">
      <Filter>Src\Framework\Utility</Filter>
    </ClInclude>
    <ClInclude Include="Src\Framework\Shader\StandardShader\KdStandardShader.h">
      <Filter>Src\Framework\Shader\StandardShader</Filter>
    </ClInclude>
    <ClInclude Include="Src\Framework\Effekseer\KdEffekseerManager.h">
      <Filter>Src\Framework\Effekseer</Filter>
    </ClInclude>
    <ClInclude Include="Src\Application\Scene\SceneManager.h">
      <Filter>Src\Application\Scene</Filter>
    </ClInclude>
    <ClInclude Include="Src\Application\Scene\BaseScene\BaseScene.h">
      <Filter>Src\Application\Scene\BaseScene</Filter>
    </ClInclude>
    <ClInclude Include="Src\Application\Scene\GameScene\GameScene.h">
      <Filter>Src\Application\Scene\GameScene</Filter>
    </ClInclude>
    <ClInclude Include="Src\Application\Scene\TitleScene\TitleScene.h">
      <Filter>Src\Application\Scene\TitleScene</Filter>
    </ClInclude>
    <ClInclude Include="Src\Application\Data\Skill\Skill.h">
      <Filter>Src\Application\Data\Skill</Filter>
    </ClInclude>
    <ClInclude Include="Src\Application\Data\Item\Item.h">
      <Filter>Src\Application\Data\Item</Filter>
    </ClInclude>
    <ClInclude Include="Src\Application\Lib\Utility\Utility.h">
      <Filter>Src\Application\Lib\Utility</Filter>
    </ClInclude>
    <ClInclude Include="Src\Application\Lib\AssetManager\AssetManager.h">
      <Filter>Src\Application\Lib\AssetManager</Filter>
    </ClInclude>
    <ClInclude Include="Src\Application\Animation\Animation.h">
      <Filter>Src\Application\Animation</Filter>
    </ClInclude>
    <ClInclude Include="Src\Application\Object\Map\Map.h">
      <Filter>Src\Application\Object\Map</Filter>
    </ClInclude>
    <ClInclude Include="Src\Application\Object\Back\Back.h">
      <Filter>Src\Application\Object\Back</Filter>
    </ClInclude>
    <ClInclude Include="Src\Application\Object\Wall\Wall.h">
      <Filter>Src\Application\Object\Wall</Filter>
    </ClInclude>
    <ClInclude Include="Src\Application\Object\Wall\WallHit.h">
      <Filter>Src\Application\Object\Wall</Filter>
    </ClInclude>
    <ClInclude Include="Src\Application\Object\Chara\BaseChara.h">
      <Filter>Src\Application\Object\Chara</Filter>
    </ClInclude>
    <ClInclude Include="Src\Application\Object\Chara\Player\Player.h">
      <Filter>Src\Application\Object\Chara\Player</Filter>
    </ClInclude>
    <ClInclude Include="Src\Application\Animation\Enemy01Animation.h">
      <Filter>Src\Application\Animation</Filter>
    </ClInclude>
    <ClInclude Include="Src\Application\Object\Chara\Enemy\EnemyManager.h">
      <Filter>Src\Application\Object\Chara\Enemy</Filter>
    </ClInclude>
    <ClInclude Include="Src\Application\Object\UI\Slot\Slot.h">
      <Filter>Src\Application\Object\UI\Slot</Filter>
    </ClInclude>
    <ClInclude Include="Src\Application\Object\UI\Gold\Gold.h">
      <Filter>Src\Application\Object\UI\Gold</Filter>
    </ClInclude>
    <ClInclude Include="Src\Application\Object\UI\PlayerHp\PlayerHp.h">
      <Filter>Src\Application\Object\UI\PlayerHp</Filter>
    </ClInclude>
    <ClInclude Include="Src\Application\Object\UI\LevelBar\LevelBar.h">
      <Filter>Src\Application\Object\UI\LevelBar</Filter>
    </ClInclude>
    <ClInclude Include="Src\Application\Object\Chara\Enemy\Enemy01\Enemy01.h">
      <Filter>Src\Application\Object\Chara\Enemy\Enemy01</Filter>
    </ClInclude>
    <ClInclude Include="Src\Application\Data\Status\PlayerStatus\PlayerStatus.h">
      <Filter>Src\Application\Data\Status\Player</Filter>
    </ClInclude>
    <ClInclude Include="Src\Application\Data\Status\Enemy\EnemyStatusManager.h">
      <Filter>Src\Application\Data\Status\Enemy</Filter>
    </ClInclude>
    <ClInclude Include="Src\Application\Data\Status\Enemy\Enemy01\Enemy01Status.h">
      <Filter>Src\Application\Data\Status\Enemy\Enemy01</Filter>
    </ClInclude>
  </ItemGroup>
  <ItemGroup>
    <ClCompile Include="src\Pch.cpp">
      <Filter>Src</Filter>
    </ClCompile>
    <ClCompile Include="Src\Application\main.cpp">
      <Filter>Src\Application</Filter>
    </ClCompile>
    <ClCompile Include="src\Framework\Direct3D\KdDirect3D.cpp">
      <Filter>Src\Framework\Direct3D</Filter>
    </ClCompile>
    <ClCompile Include="src\Framework\Direct3D\KdTexture.cpp">
      <Filter>Src\Framework\Direct3D</Filter>
    </ClCompile>
    <ClCompile Include="src\Framework\Direct3D\KdBuffer.cpp">
      <Filter>Src\Framework\Direct3D</Filter>
    </ClCompile>
    <ClCompile Include="Src\Framework\Direct3D\KdGLTFLoader.cpp">
      <Filter>Src\Framework\Direct3D</Filter>
    </ClCompile>
    <ClCompile Include="Src\Framework\Shader\KdShaderManager.cpp">
      <Filter>Src\Framework\Shader</Filter>
    </ClCompile>
    <ClCompile Include="Src\Framework\Shader\SpriteShader\KdSpriteShader.cpp">
      <Filter>Src\Framework\Shader\SpriteShader</Filter>
    </ClCompile>
    <ClCompile Include="src\Framework\Window\KdWindow.cpp">
      <Filter>Src\Framework\Window</Filter>
    </ClCompile>
    <ClCompile Include="Src\Framework\Utility\KdUtility.cpp">
      <Filter>Src\Framework\Utility</Filter>
    </ClCompile>
    <ClCompile Include="src\Framework\Direct3D\KdMesh.cpp">
      <Filter>Src\Framework\Direct3D</Filter>
    </ClCompile>
    <ClCompile Include="Src\Framework\Direct3D\KdModel.cpp">
      <Filter>Src\Framework\Direct3D</Filter>
    </ClCompile>
    <ClCompile Include="Src\Framework\Math\KdCollision.cpp">
      <Filter>Src\Framework\Math</Filter>
    </ClCompile>
    <ClCompile Include="Src\Framework\Math\KdAnimation.cpp">
      <Filter>Src\Framework\Math</Filter>
    </ClCompile>
    <ClCompile Include="Src\Framework\Audio\KdAudio.cpp">
      <Filter>Src\Framework\Audio</Filter>
    </ClCompile>
    <ClCompile Include="Src\Framework\Direct3D\KdCamera.cpp">
      <Filter>Src\Framework\Direct3D</Filter>
    </ClCompile>
    <ClCompile Include="Src\Framework\Shader\PostProcessShader\KdPostProcessShader.cpp">
      <Filter>Src\Framework\Shader\PostProcessShader</Filter>
    </ClCompile>
    <ClCompile Include="Src\Framework\Math\KdCollider.cpp">
      <Filter>Src\Framework\Math</Filter>
    </ClCompile>
    <ClCompile Include="Src\Framework\Math\KdEasing.cpp">
      <Filter>Src\Framework\Math</Filter>
    </ClCompile>
    <ClCompile Include="Src\Framework\GameObject\KdGameObject.cpp">
      <Filter>Src\Framework\GameObject</Filter>
    </ClCompile>
    <ClCompile Include="Src\Framework\GameObject\KdGameObjectFactory.cpp">
      <Filter>Src\Framework\GameObject</Filter>
    </ClCompile>
    <ClCompile Include="Src\Framework\Input\KdInput.cpp">
      <Filter>Src\Framework\Input</Filter>
    </ClCompile>
    <ClCompile Include="Src\Framework\Utility\KdCSVData.cpp">
      <Filter>Src\Framework\Utility</Filter>
    </ClCompile>
    <ClCompile Include="Src\Framework\Direct3D\Polygon\KdSquarePolygon.cpp">
      <Filter>Src\Framework\Direct3D\Polygon</Filter>
    </ClCompile>
    <ClCompile Include="Src\Framework\Direct3D\Polygon\KdTrailPolygon.cpp">
      <Filter>Src\Framework\Direct3D\Polygon</Filter>
    </ClCompile>
    <ClCompile Include="Src\Framework\Direct3D\KdMaterial.cpp">
      <Filter>Src\Framework\Direct3D</Filter>
    </ClCompile>
    <ClCompile Include="Src\Framework\Direct3D\Polygon\KdPolygon.cpp">
      <Filter>Src\Framework\Direct3D\Polygon</Filter>
    </ClCompile>
    <ClCompile Include="Src\Framework\Shader\KdAmbientController.cpp">
      <Filter>Src\Framework\Shader</Filter>
    </ClCompile>
    <ClCompile Include="Src\Framework\Math\KdUVAnimation.cpp">
      <Filter>Src\Framework\Math</Filter>
    </ClCompile>
    <ClCompile Include="Src\Framework\Shader\KdRenderTargetChange.cpp">
      <Filter>Src\Framework\Shader</Filter>
    </ClCompile>
    <ClCompile Include="Src\Framework\Utility\KdFPSController.cpp">
      <Filter>Src\Framework\Utility</Filter>
    </ClCompile>
    <ClCompile Include="Src\Framework\Utility\KdDebugWireFrame.cpp">
      <Filter>Src\Framework\Utility</Filter>
    </ClCompile>
    <ClCompile Include="Src\Framework\Shader\StandardShader\KdStandardShader.cpp">
      <Filter>Src\Framework\Shader\StandardShader</Filter>
    </ClCompile>
    <ClCompile Include="Src\Framework\Effekseer\KdEffekseerManager.cpp">
      <Filter>Src\Framework\Effekseer</Filter>
    </ClCompile>
    <ClCompile Include="Src\Application\Scene\SceneManager.cpp">
      <Filter>Src\Application\Scene</Filter>
    </ClCompile>
    <ClCompile Include="Src\Application\Scene\BaseScene\BaseScene.cpp">
      <Filter>Src\Application\Scene\BaseScene</Filter>
    </ClCompile>
    <ClCompile Include="Src\Application\Scene\GameScene\GameScene.cpp">
      <Filter>Src\Application\Scene\GameScene</Filter>
    </ClCompile>
    <ClCompile Include="Src\Application\Scene\TitleScene\TitleScene.cpp">
      <Filter>Src\Application\Scene\TitleScene</Filter>
    </ClCompile>
    <ClCompile Include="Src\Application\Data\Skill\Skill.cpp">
      <Filter>Src\Application\Data\Skill</Filter>
    </ClCompile>
    <ClCompile Include="Src\Application\Data\Item\Item.cpp">
      <Filter>Src\Application\Data\Item</Filter>
    </ClCompile>
    <ClCompile Include="Src\Application\Lib\AssetManager\AssetManager.cpp">
      <Filter>Src\Application\Lib\AssetManager</Filter>
    </ClCompile>
    <ClCompile Include="Src\Application\Animation\Animation.cpp">
      <Filter>Src\Application\Animation</Filter>
    </ClCompile>
    <ClCompile Include="Src\Application\Object\Map\Map.cpp">
      <Filter>Src\Application\Object\Map</Filter>
    </ClCompile>
    <ClCompile Include="Src\Application\Object\Back\Back.cpp">
      <Filter>Src\Application\Object\Back</Filter>
    </ClCompile>
    <ClCompile Include="Src\Application\Object\Wall\Wall.cpp">
      <Filter>Src\Application\Object\Wall</Filter>
    </ClCompile>
    <ClCompile Include="Src\Application\Object\Wall\WallHit.cpp">
      <Filter>Src\Application\Object\Wall</Filter>
    </ClCompile>
    <ClCompile Include="Src\Application\Object\Chara\BaseChara.cpp">
      <Filter>Src\Application\Object\Chara</Filter>
    </ClCompile>
    <ClCompile Include="Src\Application\Object\Chara\Player\Player.cpp">
      <Filter>Src\Application\Object\Chara\Player</Filter>
    </ClCompile>
    <ClCompile Include="Src\Application\Animation\Enemy01Animation.cpp">
      <Filter>Src\Application\Animation</Filter>
    </ClCompile>
    <ClCompile Include="Src\Application\Object\Chara\Enemy\EnemyManager.cpp">
      <Filter>Src\Application\Object\Chara\Enemy</Filter>
    </ClCompile>
    <ClCompile Include="Src\Application\Object\UI\Slot\Slot.cpp">
      <Filter>Src\Application\Object\UI\Slot</Filter>
    </ClCompile>
    <ClCompile Include="Src\Application\Object\UI\Gold\Gold.cpp">
      <Filter>Src\Application\Object\UI\Gold</Filter>
    </ClCompile>
    <ClCompile Include="Src\Application\Object\UI\PlayerHp\PlayerHp.cpp">
      <Filter>Src\Application\Object\UI\PlayerHp</Filter>
    </ClCompile>
    <ClCompile Include="Src\Application\Object\UI\LevelBar\LebelBar.cpp">
      <Filter>Src\Application\Object\UI\LevelBar</Filter>
    </ClCompile>
    <ClCompile Include="Src\Application\Object\Chara\Enemy\Enemy01\Enemy01.cpp">
      <Filter>Src\Application\Object\Chara\Enemy\Enemy01</Filter>
    </ClCompile>
    <ClCompile Include="Src\Application\Data\Status\Player\PlayerStatus.cpp">
      <Filter>Src\Application\Data\Status\Player</Filter>
    </ClCompile>
    <ClCompile Include="Src\Application\Data\Status\Enemy\EnemyStatusManager.cpp">
      <Filter>Src\Application\Data\Status\Enemy</Filter>
    </ClCompile>
    <ClCompile Include="Src\Application\Data\Status\Enemy\Enemy01\Enemy01Status.cpp">
      <Filter>Src\Application\Data\Status\Enemy\Enemy01</Filter>
    </ClCompile>
  </ItemGroup>
  <ItemGroup>
    <None Include="Src\Framework\Shader\inc_KdCommon.hlsli">
      <Filter>Src\Framework\Shader</Filter>
    </None>
    <None Include="Src\Framework\Shader\SpriteShader\inc_KdSpriteShader.hlsli">
      <Filter>Src\Framework\Shader\SpriteShader</Filter>
    </None>
    <None Include="Src\Framework\Shader\PostProcessShader\inc_KdPostProcessShader.hlsli">
      <Filter>Src\Framework\Shader\PostProcessShader</Filter>
    </None>
    <None Include="Src\Framework\Shader\StandardShader\inc_KdStandardShader.hlsli">
      <Filter>Src\Framework\Shader\StandardShader</Filter>
    </None>
  </ItemGroup>
  <ItemGroup>
    <FxCompile Include="Src\Framework\Shader\SpriteShader\KdSpriteShader_PS.hlsl">
      <Filter>Src\Framework\Shader\SpriteShader</Filter>
    </FxCompile>
    <FxCompile Include="Src\Framework\Shader\SpriteShader\KdSpriteShader_VS.hlsl">
      <Filter>Src\Framework\Shader\SpriteShader</Filter>
    </FxCompile>
    <FxCompile Include="Src\Framework\Shader\PostProcessShader\KdPostProcessShader_PS_Blur.hlsl">
      <Filter>Src\Framework\Shader\PostProcessShader</Filter>
    </FxCompile>
    <FxCompile Include="Src\Framework\Shader\PostProcessShader\KdPostProcessShader_VS.hlsl">
      <Filter>Src\Framework\Shader\PostProcessShader</Filter>
    </FxCompile>
    <FxCompile Include="Src\Framework\Shader\PostProcessShader\KdPostProcessShader_PS_DoF.hlsl">
      <Filter>Src\Framework\Shader\PostProcessShader</Filter>
    </FxCompile>
    <FxCompile Include="Src\Framework\Shader\PostProcessShader\KdPostProcessShader_PS_Bright.hlsl">
      <Filter>Src\Framework\Shader\PostProcessShader</Filter>
    </FxCompile>
    <FxCompile Include="Src\Framework\Shader\StandardShader\KdStandardShader_PS_GenDepthMapFromLight.hlsl">
      <Filter>Src\Framework\Shader\StandardShader</Filter>
    </FxCompile>
    <FxCompile Include="Src\Framework\Shader\StandardShader\KdStandardShader_PS_Lit.hlsl">
      <Filter>Src\Framework\Shader\StandardShader</Filter>
    </FxCompile>
    <FxCompile Include="Src\Framework\Shader\StandardShader\KdStandardShader_PS_UnLit.hlsl">
      <Filter>Src\Framework\Shader\StandardShader</Filter>
    </FxCompile>
    <FxCompile Include="Src\Framework\Shader\StandardShader\KdStandardShader_VS_GenDepthMapFromLight.hlsl">
      <Filter>Src\Framework\Shader\StandardShader</Filter>
    </FxCompile>
    <FxCompile Include="Src\Framework\Shader\StandardShader\KdStandardShader_VS_Lit.hlsl">
      <Filter>Src\Framework\Shader\StandardShader</Filter>
    </FxCompile>
    <FxCompile Include="Src\Framework\Shader\StandardShader\KdStandardShader_VS_UnLit.hlsl">
      <Filter>Src\Framework\Shader\StandardShader</Filter>
    </FxCompile>
  </ItemGroup>
</Project>